
Microsoft Visual Studio Solution File, Format Version 12.00
# Visual Studio Version 17
VisualStudioVersion = 17.13.35825.156 d17.13
MinimumVisualStudioVersion = 10.0.40219.1
Project("{FAE04EC0-301F-11D3-BF4B-00C04F79EFBC}") = "Pryce_MVC", "Pryce_MVC.csproj", "{DE2396A4-17F2-45FB-8F17-5F92BC325245}"
EndProject
Global
	GlobalSection(SolutionConfigurationPlatforms) = preSolution
		Debug|Any CPU = Debug|Any CPU
		Release|Any CPU = Release|Any CPU
	EndGlobalSection
	GlobalSection(ProjectConfigurationPlatforms) = postSolution
		{DE2396A4-17F2-45FB-8F17-5F92BC325245}.Debug|Any CPU.ActiveCfg = Debug|Any CPU
		{DE2396A4-17F2-45FB-8F17-5F92BC325245}.Debug|Any CPU.Build.0 = Debug|Any CPU
		{DE2396A4-17F2-45FB-8F17-5F92BC325245}.Release|Any CPU.ActiveCfg = Release|Any CPU
		{DE2396A4-17F2-45FB-8F17-5F92BC325245}.Release|Any CPU.Build.0 = Release|Any CPU
	EndGlobalSection
	GlobalSection(SolutionProperties) = preSolution
		HideSolutionNode = FALSE
	EndGlobalSection
	GlobalSection(ExtensibilityGlobals) = postSolution
		SolutionGuid = {46A31495-3D61-49AD-A4EE-E78469ED33A1}
	EndGlobalSection
EndGlobal
